{
  "object": {
    "pins": [
      {
        "package": "NDAvatarView",
        "repositoryURL": "https://github.com/neone/NDAvatarView.git",
        "state": {
          "branch": "master",
          "revision": "129c72a339cf2260d14da01cc46d406c626e5934",
          "version": null
        }
      }
    ]
  },
  "version": 1
}
