{
  "object": {
    "pins": [
      {
        "package": "NDAvatarView",
        "repositoryURL": "https://github.com/neone/NDAvatarView.git",
        "state": {
          "branch": "master",
          "revision": "1c4b027c851aeb270dd2cc2f19efac58f55be53f",
          "version": null
        }
      }
    ]
  },
  "version": 1
}
