{
  "object": {
    "pins": [
      {
        "package": "NDAvatarView",
        "repositoryURL": "https://github.com/neone/NDAvatarView.git",
        "state": {
          "branch": "master",
          "revision": "2f26700f1762084dbe057a0c9d5641b97483b574",
          "version": null
        }
      }
    ]
  },
  "version": 1
}
